
Microsoft Visual Studio Solution File, Format Version 12.00
# Visual Studio 2012
Project("{FAE04EC0-301F-11D3-BF4B-00C04F79EFBC}") = "Wechat", "Wechat\Wechat.csproj", "{C7AF375B-4ADE-47F9-8F6B-736EAA6F3BAA}"
EndProject
Global
	GlobalSection(SolutionConfigurationPlatforms) = preSolution
		Debug|Any CPU = Debug|Any CPU
		Release|Any CPU = Release|Any CPU
	EndGlobalSection
	GlobalSection(ProjectConfigurationPlatforms) = postSolution
		{C7AF375B-4ADE-47F9-8F6B-736EAA6F3BAA}.Debug|Any CPU.ActiveCfg = Debug|Any CPU
		{C7AF375B-4ADE-47F9-8F6B-736EAA6F3BAA}.Debug|Any CPU.Build.0 = Debug|Any CPU
		{C7AF375B-4ADE-47F9-8F6B-736EAA6F3BAA}.Release|Any CPU.ActiveCfg = Release|Any CPU
		{C7AF375B-4ADE-47F9-8F6B-736EAA6F3BAA}.Release|Any CPU.Build.0 = Release|Any CPU
	EndGlobalSection
	GlobalSection(SolutionProperties) = preSolution
		HideSolutionNode = FALSE
	EndGlobalSection
EndGlobal
